
Microsoft Visual Studio Solution File, Format Version 12.00
Project("{2150E333-8FDC-42A3-9474-1A3956D46DE8}") = "src", "src", "{4DD53A54-D56D-41EB-BEED-C73AD3C926BC}"
EndProject
Project("{2150E333-8FDC-42A3-9474-1A3956D46DE8}") = "tests", "tests", "{E6883EEE-D6FF-46EC-9EE0-23BDF0AEBAD9}"
EndProject
Project("{FAE04EC0-301F-11D3-BF4B-00C04F79EFBC}") = "BpmUtils.Ui", "src\BpmUtils.Ui\BpmUtils.Ui.csproj", "{C01DB6F3-44A1-4707-BF81-5DD3B00EF1C1}"
EndProject
Global
	GlobalSection(SolutionConfigurationPlatforms) = preSolution
		Debug|Any CPU = Debug|Any CPU
		Release|Any CPU = Release|Any CPU
	EndGlobalSection
	GlobalSection(NestedProjects) = preSolution
		{C01DB6F3-44A1-4707-BF81-5DD3B00EF1C1} = {4DD53A54-D56D-41EB-BEED-C73AD3C926BC}
	EndGlobalSection
	GlobalSection(ProjectConfigurationPlatforms) = postSolution
		{C01DB6F3-44A1-4707-BF81-5DD3B00EF1C1}.Debug|Any CPU.ActiveCfg = Debug|Any CPU
		{C01DB6F3-44A1-4707-BF81-5DD3B00EF1C1}.Debug|Any CPU.Build.0 = Debug|Any CPU
		{C01DB6F3-44A1-4707-BF81-5DD3B00EF1C1}.Release|Any CPU.ActiveCfg = Release|Any CPU
		{C01DB6F3-44A1-4707-BF81-5DD3B00EF1C1}.Release|Any CPU.Build.0 = Release|Any CPU
	EndGlobalSection
EndGlobal
